
Microsoft Visual Studio Solution File, Format Version 12.00
# Visual Studio 15
VisualStudioVersion = 15.0.28307.489
MinimumVisualStudioVersion = 10.0.40219.1
Project("{9A19103F-16F7-4668-BE54-9A1E7A4F7556}") = "NG_Core_Auth", "NG_Core_Auth.csproj", "{EAFA3AAA-FA47-4796-9BAB-C30232710787}"
EndProject
Global
	GlobalSection(SolutionConfigurationPlatforms) = preSolution
		Debug|Any CPU = Debug|Any CPU
		Release|Any CPU = Release|Any CPU
	EndGlobalSection
	GlobalSection(ProjectConfigurationPlatforms) = postSolution
		{EAFA3AAA-FA47-4796-9BAB-C30232710787}.Debug|Any CPU.ActiveCfg = Debug|Any CPU
		{EAFA3AAA-FA47-4796-9BAB-C30232710787}.Debug|Any CPU.Build.0 = Debug|Any CPU
		{EAFA3AAA-FA47-4796-9BAB-C30232710787}.Release|Any CPU.ActiveCfg = Release|Any CPU
		{EAFA3AAA-FA47-4796-9BAB-C30232710787}.Release|Any CPU.Build.0 = Release|Any CPU
	EndGlobalSection
	GlobalSection(SolutionProperties) = preSolution
		HideSolutionNode = FALSE
	EndGlobalSection
	GlobalSection(ExtensibilityGlobals) = postSolution
		SolutionGuid = {C0569C70-95CD-4DF1-B3A3-53B2A7F7154E}
	EndGlobalSection
EndGlobal
